
Microsoft Visual Studio Solution File, Format Version 12.00
# Visual Studio Version 17
VisualStudioVersion = 17.8.34525.116
MinimumVisualStudioVersion = 10.0.40219.1
Project("{FAE04EC0-301F-11D3-BF4B-00C04F79EFBC}") = "WebApplication1", "WebApplication1\WebApplication1.csproj", "{6DCB015A-CD6E-47B9-87CE-CD33CD6355EC}"
EndProject
Global
	GlobalSection(SolutionConfigurationPlatforms) = preSolution
		Debug|Any CPU = Debug|Any CPU
		Release|Any CPU = Release|Any CPU
	EndGlobalSection
	GlobalSection(ProjectConfigurationPlatforms) = postSolution
		{6DCB015A-CD6E-47B9-87CE-CD33CD6355EC}.Debug|Any CPU.ActiveCfg = Debug|Any CPU
		{6DCB015A-CD6E-47B9-87CE-CD33CD6355EC}.Debug|Any CPU.Build.0 = Debug|Any CPU
		{6DCB015A-CD6E-47B9-87CE-CD33CD6355EC}.Release|Any CPU.ActiveCfg = Release|Any CPU
		{6DCB015A-CD6E-47B9-87CE-CD33CD6355EC}.Release|Any CPU.Build.0 = Release|Any CPU
	EndGlobalSection
	GlobalSection(SolutionProperties) = preSolution
		HideSolutionNode = FALSE
	EndGlobalSection
	GlobalSection(ExtensibilityGlobals) = postSolution
		SolutionGuid = {9D11D49E-9DBA-4603-A49F-8346B25B5F6F}
	EndGlobalSection
EndGlobal
